PODS:
  - KlappaDeSerializer (1.0.2)

DEPENDENCIES:
  - KlappaDeSerializer (from `/Users/iljakosynkin/Documents/Projects/KlappaDeSerializer`)

EXTERNAL SOURCES:
  KlappaDeSerializer:
    :path: /Users/iljakosynkin/Documents/Projects/KlappaDeSerializer

SPEC CHECKSUMS:
  KlappaDeSerializer: 4982cc0e3fffdabfe84dfb5d4d6cd409127f68d4

PODFILE CHECKSUM: 9c8f60e7d4830ec03c9f2a21a9e10d9cd42fbc49

COCOAPODS: 1.2.0.beta.3
